
Microsoft Visual Studio Solution File, Format Version 12.00
# Visual Studio 2013
VisualStudioVersion = 12.0.21005.1
MinimumVisualStudioVersion = 10.0.40219.1
Project("{FAE04EC0-301F-11D3-BF4B-00C04F79EFBC}") = "RTP", "RTP\RTP\RTP.csproj", "{C2A89BA1-90D9-464F-9B9A-82F4DD6BF566}"
EndProject
Project("{FAE04EC0-301F-11D3-BF4B-00C04F79EFBC}") = "RTP.iOS", "RTP\RTP.iOS\RTP.iOS.csproj", "{67566604-76AA-4CA7-A3B7-28325A65D5C5}"
EndProject
Project("{FAE04EC0-301F-11D3-BF4B-00C04F79EFBC}") = "RTP.Droid", "RTP\RTP.Droid\RTP.Droid.csproj", "{25F7CE54-985A-4804-B7D8-4B8319E87816}"
EndProject
Project("{FAE04EC0-301F-11D3-BF4B-00C04F79EFBC}") = "RTP.WinPhone", "RTP\RTP.WinPhone\RTP.WinPhone.csproj", "{5FB51385-ADFB-43B7-8E96-1B1D04E6644E}"
EndProject
Global
	GlobalSection(SolutionConfigurationPlatforms) = preSolution
		Ad-Hoc|Any CPU = Ad-Hoc|Any CPU
		Ad-Hoc|ARM = Ad-Hoc|ARM
		Ad-Hoc|iPhone = Ad-Hoc|iPhone
		Ad-Hoc|iPhoneSimulator = Ad-Hoc|iPhoneSimulator
		Ad-Hoc|Mixed Platforms = Ad-Hoc|Mixed Platforms
		Ad-Hoc|x86 = Ad-Hoc|x86
		AppStore|Any CPU = AppStore|Any CPU
		AppStore|ARM = AppStore|ARM
		AppStore|iPhone = AppStore|iPhone
		AppStore|iPhoneSimulator = AppStore|iPhoneSimulator
		AppStore|Mixed Platforms = AppStore|Mixed Platforms
		AppStore|x86 = AppStore|x86
		Debug|Any CPU = Debug|Any CPU
		Debug|ARM = Debug|ARM
		Debug|iPhone = Debug|iPhone
		Debug|iPhoneSimulator = Debug|iPhoneSimulator
		Debug|Mixed Platforms = Debug|Mixed Platforms
		Debug|x86 = Debug|x86
		Release|Any CPU = Release|Any CPU
		Release|ARM = Release|ARM
		Release|iPhone = Release|iPhone
		Release|iPhoneSimulator = Release|iPhoneSimulator
		Release|Mixed Platforms = Release|Mixed Platforms
		Release|x86 = Release|x86
	EndGlobalSection
	GlobalSection(ProjectConfigurationPlatforms) = postSolution
		{C2A89BA1-90D9-464F-9B9A-82F4DD6BF566}.Ad-Hoc|Any CPU.ActiveCfg = Release|Any CPU
		{C2A89BA1-90D9-464F-9B9A-82F4DD6BF566}.Ad-Hoc|Any CPU.Build.0 = Release|Any CPU
		{C2A89BA1-90D9-464F-9B9A-82F4DD6BF566}.Ad-Hoc|ARM.ActiveCfg = Release|Any CPU
		{C2A89BA1-90D9-464F-9B9A-82F4DD6BF566}.Ad-Hoc|iPhone.ActiveCfg = Release|Any CPU
		{C2A89BA1-90D9-464F-9B9A-82F4DD6BF566}.Ad-Hoc|iPhoneSimulator.ActiveCfg = Release|Any CPU
		{C2A89BA1-90D9-464F-9B9A-82F4DD6BF566}.Ad-Hoc|Mixed Platforms.ActiveCfg = Release|Any CPU
		{C2A89BA1-90D9-464F-9B9A-82F4DD6BF566}.Ad-Hoc|Mixed Platforms.Build.0 = Release|Any CPU
		{C2A89BA1-90D9-464F-9B9A-82F4DD6BF566}.Ad-Hoc|x86.ActiveCfg = Release|Any CPU
		{C2A89BA1-90D9-464F-9B9A-82F4DD6BF566}.AppStore|Any CPU.ActiveCfg = Release|Any CPU
		{C2A89BA1-90D9-464F-9B9A-82F4DD6BF566}.AppStore|Any CPU.Build.0 = Release|Any CPU
		{C2A89BA1-90D9-464F-9B9A-82F4DD6BF566}.AppStore|ARM.ActiveCfg = Release|Any CPU
		{C2A89BA1-90D9-464F-9B9A-82F4DD6BF566}.AppStore|iPhone.ActiveCfg = Release|Any CPU
		{C2A89BA1-90D9-464F-9B9A-82F4DD6BF566}.AppStore|iPhoneSimulator.ActiveCfg = Release|Any CPU
		{C2A89BA1-90D9-464F-9B9A-82F4DD6BF566}.AppStore|Mixed Platforms.ActiveCfg = Release|Any CPU
		{C2A89BA1-90D9-464F-9B9A-82F4DD6BF566}.AppStore|Mixed Platforms.Build.0 = Release|Any CPU
		{C2A89BA1-90D9-464F-9B9A-82F4DD6BF566}.AppStore|x86.ActiveCfg = Release|Any CPU
		{C2A89BA1-90D9-464F-9B9A-82F4DD6BF566}.Debug|Any CPU.ActiveCfg = Debug|Any CPU
		{C2A89BA1-90D9-464F-9B9A-82F4DD6BF566}.Debug|Any CPU.Build.0 = Debug|Any CPU
		{C2A89BA1-90D9-464F-9B9A-82F4DD6BF566}.Debug|ARM.ActiveCfg = Debug|Any CPU
		{C2A89BA1-90D9-464F-9B9A-82F4DD6BF566}.Debug|iPhone.ActiveCfg = Debug|Any CPU
		{C2A89BA1-90D9-464F-9B9A-82F4DD6BF566}.Debug|iPhoneSimulator.ActiveCfg = Debug|Any CPU
		{C2A89BA1-90D9-464F-9B9A-82F4DD6BF566}.Debug|Mixed Platforms.ActiveCfg = Debug|Any CPU
		{C2A89BA1-90D9-464F-9B9A-82F4DD6BF566}.Debug|Mixed Platforms.Build.0 = Debug|Any CPU
		{C2A89BA1-90D9-464F-9B9A-82F4DD6BF566}.Debug|x86.ActiveCfg = Debug|Any CPU
		{C2A89BA1-90D9-464F-9B9A-82F4DD6BF566}.Release|Any CPU.ActiveCfg = Release|Any CPU
		{C2A89BA1-90D9-464F-9B9A-82F4DD6BF566}.Release|Any CPU.Build.0 = Release|Any CPU
		{C2A89BA1-90D9-464F-9B9A-82F4DD6BF566}.Release|ARM.ActiveCfg = Release|Any CPU
		{C2A89BA1-90D9-464F-9B9A-82F4DD6BF566}.Release|iPhone.ActiveCfg = Release|Any CPU
		{C2A89BA1-90D9-464F-9B9A-82F4DD6BF566}.Release|iPhoneSimulator.ActiveCfg = Release|Any CPU
		{C2A89BA1-90D9-464F-9B9A-82F4DD6BF566}.Release|Mixed Platforms.ActiveCfg = Release|Any CPU
		{C2A89BA1-90D9-464F-9B9A-82F4DD6BF566}.Release|Mixed Platforms.Build.0 = Release|Any CPU
		{C2A89BA1-90D9-464F-9B9A-82F4DD6BF566}.Release|x86.ActiveCfg = Release|Any CPU
		{67566604-76AA-4CA7-A3B7-28325A65D5C5}.Ad-Hoc|Any CPU.ActiveCfg = Ad-Hoc|iPhone
		{67566604-76AA-4CA7-A3B7-28325A65D5C5}.Ad-Hoc|ARM.ActiveCfg = Ad-Hoc|iPhone
		{67566604-76AA-4CA7-A3B7-28325A65D5C5}.Ad-Hoc|iPhone.ActiveCfg = Ad-Hoc|iPhone
		{67566604-76AA-4CA7-A3B7-28325A65D5C5}.Ad-Hoc|iPhone.Build.0 = Ad-Hoc|iPhone
		{67566604-76AA-4CA7-A3B7-28325A65D5C5}.Ad-Hoc|iPhoneSimulator.ActiveCfg = Ad-Hoc|iPhoneSimulator
		{67566604-76AA-4CA7-A3B7-28325A65D5C5}.Ad-Hoc|iPhoneSimulator.Build.0 = Ad-Hoc|iPhoneSimulator
		{67566604-76AA-4CA7-A3B7-28325A65D5C5}.Ad-Hoc|Mixed Platforms.ActiveCfg = Ad-Hoc|iPhone
		{67566604-76AA-4CA7-A3B7-28325A65D5C5}.Ad-Hoc|Mixed Platforms.Build.0 = Ad-Hoc|iPhone
		{67566604-76AA-4CA7-A3B7-28325A65D5C5}.Ad-Hoc|x86.ActiveCfg = Ad-Hoc|iPhone
		{67566604-76AA-4CA7-A3B7-28325A65D5C5}.AppStore|Any CPU.ActiveCfg = AppStore|iPhone
		{67566604-76AA-4CA7-A3B7-28325A65D5C5}.AppStore|ARM.ActiveCfg = AppStore|iPhone
		{67566604-76AA-4CA7-A3B7-28325A65D5C5}.AppStore|iPhone.ActiveCfg = AppStore|iPhone
		{67566604-76AA-4CA7-A3B7-28325A65D5C5}.AppStore|iPhone.Build.0 = AppStore|iPhone
		{67566604-76AA-4CA7-A3B7-28325A65D5C5}.AppStore|iPhoneSimulator.ActiveCfg = AppStore|iPhoneSimulator
		{67566604-76AA-4CA7-A3B7-28325A65D5C5}.AppStore|iPhoneSimulator.Build.0 = AppStore|iPhoneSimulator
		{67566604-76AA-4CA7-A3B7-28325A65D5C5}.AppStore|Mixed Platforms.ActiveCfg = AppStore|iPhone
		{67566604-76AA-4CA7-A3B7-28325A65D5C5}.AppStore|Mixed Platforms.Build.0 = AppStore|iPhone
		{67566604-76AA-4CA7-A3B7-28325A65D5C5}.AppStore|x86.ActiveCfg = AppStore|iPhone
		{67566604-76AA-4CA7-A3B7-28325A65D5C5}.Debug|Any CPU.ActiveCfg = Debug|iPhone
		{67566604-76AA-4CA7-A3B7-28325A65D5C5}.Debug|ARM.ActiveCfg = Debug|iPhone
		{67566604-76AA-4CA7-A3B7-28325A65D5C5}.Debug|iPhone.ActiveCfg = Debug|iPhone
		{67566604-76AA-4CA7-A3B7-28325A65D5C5}.Debug|iPhone.Build.0 = Debug|iPhone
		{67566604-76AA-4CA7-A3B7-28325A65D5C5}.Debug|iPhoneSimulator.ActiveCfg = Debug|iPhoneSimulator
		{67566604-76AA-4CA7-A3B7-28325A65D5C5}.Debug|iPhoneSimulator.Build.0 = Debug|iPhoneSimulator
		{67566604-76AA-4CA7-A3B7-28325A65D5C5}.Debug|Mixed Platforms.ActiveCfg = Debug|iPhone
		{67566604-76AA-4CA7-A3B7-28325A65D5C5}.Debug|Mixed Platforms.Build.0 = Debug|iPhone
		{67566604-76AA-4CA7-A3B7-28325A65D5C5}.Debug|x86.ActiveCfg = Debug|iPhone
		{67566604-76AA-4CA7-A3B7-28325A65D5C5}.Release|Any CPU.ActiveCfg = Release|iPhone
		{67566604-76AA-4CA7-A3B7-28325A65D5C5}.Release|ARM.ActiveCfg = Release|iPhone
		{67566604-76AA-4CA7-A3B7-28325A65D5C5}.Release|iPhone.ActiveCfg = Release|iPhone
		{67566604-76AA-4CA7-A3B7-28325A65D5C5}.Release|iPhone.Build.0 = Release|iPhone
		{67566604-76AA-4CA7-A3B7-28325A65D5C5}.Release|iPhoneSimulator.ActiveCfg = Release|iPhoneSimulator
		{67566604-76AA-4CA7-A3B7-28325A65D5C5}.Release|iPhoneSimulator.Build.0 = Release|iPhoneSimulator
		{67566604-76AA-4CA7-A3B7-28325A65D5C5}.Release|Mixed Platforms.ActiveCfg = Release|iPhone
		{67566604-76AA-4CA7-A3B7-28325A65D5C5}.Release|Mixed Platforms.Build.0 = Release|iPhone
		{67566604-76AA-4CA7-A3B7-28325A65D5C5}.Release|x86.ActiveCfg = Release|iPhone
		{25F7CE54-985A-4804-B7D8-4B8319E87816}.Ad-Hoc|Any CPU.ActiveCfg = Release|Any CPU
		{25F7CE54-985A-4804-B7D8-4B8319E87816}.Ad-Hoc|Any CPU.Build.0 = Release|Any CPU
		{25F7CE54-985A-4804-B7D8-4B8319E87816}.Ad-Hoc|Any CPU.Deploy.0 = Release|Any CPU
		{25F7CE54-985A-4804-B7D8-4B8319E87816}.Ad-Hoc|ARM.ActiveCfg = Release|Any CPU
		{25F7CE54-985A-4804-B7D8-4B8319E87816}.Ad-Hoc|iPhone.ActiveCfg = Release|Any CPU
		{25F7CE54-985A-4804-B7D8-4B8319E87816}.Ad-Hoc|iPhoneSimulator.ActiveCfg = Release|Any CPU
		{25F7CE54-985A-4804-B7D8-4B8319E87816}.Ad-Hoc|Mixed Platforms.ActiveCfg = Release|Any CPU
		{25F7CE54-985A-4804-B7D8-4B8319E87816}.Ad-Hoc|Mixed Platforms.Build.0 = Release|Any CPU
		{25F7CE54-985A-4804-B7D8-4B8319E87816}.Ad-Hoc|Mixed Platforms.Deploy.0 = Release|Any CPU
		{25F7CE54-985A-4804-B7D8-4B8319E87816}.Ad-Hoc|x86.ActiveCfg = Release|Any CPU
		{25F7CE54-985A-4804-B7D8-4B8319E87816}.AppStore|Any CPU.ActiveCfg = Release|Any CPU
		{25F7CE54-985A-4804-B7D8-4B8319E87816}.AppStore|Any CPU.Build.0 = Release|Any CPU
		{25F7CE54-985A-4804-B7D8-4B8319E87816}.AppStore|Any CPU.Deploy.0 = Release|Any CPU
		{25F7CE54-985A-4804-B7D8-4B8319E87816}.AppStore|ARM.ActiveCfg = Release|Any CPU
		{25F7CE54-985A-4804-B7D8-4B8319E87816}.AppStore|iPhone.ActiveCfg = Release|Any CPU
		{25F7CE54-985A-4804-B7D8-4B8319E87816}.AppStore|iPhoneSimulator.ActiveCfg = Release|Any CPU
		{25F7CE54-985A-4804-B7D8-4B8319E87816}.AppStore|Mixed Platforms.ActiveCfg = Release|Any CPU
		{25F7CE54-985A-4804-B7D8-4B8319E87816}.AppStore|Mixed Platforms.Build.0 = Release|Any CPU
		{25F7CE54-985A-4804-B7D8-4B8319E87816}.AppStore|Mixed Platforms.Deploy.0 = Release|Any CPU
		{25F7CE54-985A-4804-B7D8-4B8319E87816}.AppStore|x86.ActiveCfg = Release|Any CPU
		{25F7CE54-985A-4804-B7D8-4B8319E87816}.Debug|Any CPU.ActiveCfg = Debug|Any CPU
		{25F7CE54-985A-4804-B7D8-4B8319E87816}.Debug|Any CPU.Build.0 = Debug|Any CPU
		{25F7CE54-985A-4804-B7D8-4B8319E87816}.Debug|Any CPU.Deploy.0 = Debug|Any CPU
		{25F7CE54-985A-4804-B7D8-4B8319E87816}.Debug|ARM.ActiveCfg = Debug|Any CPU
		{25F7CE54-985A-4804-B7D8-4B8319E87816}.Debug|iPhone.ActiveCfg = Debug|Any CPU
		{25F7CE54-985A-4804-B7D8-4B8319E87816}.Debug|iPhoneSimulator.ActiveCfg = Debug|Any CPU
		{25F7CE54-985A-4804-B7D8-4B8319E87816}.Debug|Mixed Platforms.ActiveCfg = Debug|Any CPU
		{25F7CE54-985A-4804-B7D8-4B8319E87816}.Debug|Mixed Platforms.Build.0 = Debug|Any CPU
		{25F7CE54-985A-4804-B7D8-4B8319E87816}.Debug|Mixed Platforms.Deploy.0 = Debug|Any CPU
		{25F7CE54-985A-4804-B7D8-4B8319E87816}.Debug|x86.ActiveCfg = Debug|Any CPU
		{25F7CE54-985A-4804-B7D8-4B8319E87816}.Release|Any CPU.ActiveCfg = Release|Any CPU
		{25F7CE54-985A-4804-B7D8-4B8319E87816}.Release|Any CPU.Build.0 = Release|Any CPU
		{25F7CE54-985A-4804-B7D8-4B8319E87816}.Release|Any CPU.Deploy.0 = Release|Any CPU
		{25F7CE54-985A-4804-B7D8-4B8319E87816}.Release|ARM.ActiveCfg = Release|Any CPU
		{25F7CE54-985A-4804-B7D8-4B8319E87816}.Release|iPhone.ActiveCfg = Release|Any CPU
		{25F7CE54-985A-4804-B7D8-4B8319E87816}.Release|iPhoneSimulator.ActiveCfg = Release|Any CPU
		{25F7CE54-985A-4804-B7D8-4B8319E87816}.Release|Mixed Platforms.ActiveCfg = Release|Any CPU
		{25F7CE54-985A-4804-B7D8-4B8319E87816}.Release|Mixed Platforms.Build.0 = Release|Any CPU
		{25F7CE54-985A-4804-B7D8-4B8319E87816}.Release|Mixed Platforms.Deploy.0 = Release|Any CPU
		{25F7CE54-985A-4804-B7D8-4B8319E87816}.Release|x86.ActiveCfg = Release|Any CPU
		{5FB51385-ADFB-43B7-8E96-1B1D04E6644E}.Ad-Hoc|Any CPU.ActiveCfg = Release|Any CPU
		{5FB51385-ADFB-43B7-8E96-1B1D04E6644E}.Ad-Hoc|Any CPU.Build.0 = Release|Any CPU
		{5FB51385-ADFB-43B7-8E96-1B1D04E6644E}.Ad-Hoc|Any CPU.Deploy.0 = Release|Any CPU
		{5FB51385-ADFB-43B7-8E96-1B1D04E6644E}.Ad-Hoc|ARM.ActiveCfg = Release|ARM
		{5FB51385-ADFB-43B7-8E96-1B1D04E6644E}.Ad-Hoc|ARM.Build.0 = Release|ARM
		{5FB51385-ADFB-43B7-8E96-1B1D04E6644E}.Ad-Hoc|ARM.Deploy.0 = Release|ARM
		{5FB51385-ADFB-43B7-8E96-1B1D04E6644E}.Ad-Hoc|iPhone.ActiveCfg = Release|Any CPU
		{5FB51385-ADFB-43B7-8E96-1B1D04E6644E}.Ad-Hoc|iPhoneSimulator.ActiveCfg = Release|Any CPU
		{5FB51385-ADFB-43B7-8E96-1B1D04E6644E}.Ad-Hoc|Mixed Platforms.ActiveCfg = Release|x86
		{5FB51385-ADFB-43B7-8E96-1B1D04E6644E}.Ad-Hoc|Mixed Platforms.Build.0 = Release|x86
		{5FB51385-ADFB-43B7-8E96-1B1D04E6644E}.Ad-Hoc|Mixed Platforms.Deploy.0 = Release|x86
		{5FB51385-ADFB-43B7-8E96-1B1D04E6644E}.Ad-Hoc|x86.ActiveCfg = Release|x86
		{5FB51385-ADFB-43B7-8E96-1B1D04E6644E}.Ad-Hoc|x86.Build.0 = Release|x86
		{5FB51385-ADFB-43B7-8E96-1B1D04E6644E}.Ad-Hoc|x86.Deploy.0 = Release|x86
		{5FB51385-ADFB-43B7-8E96-1B1D04E6644E}.AppStore|Any CPU.ActiveCfg = Release|Any CPU
		{5FB51385-ADFB-43B7-8E96-1B1D04E6644E}.AppStore|Any CPU.Build.0 = Release|Any CPU
		{5FB51385-ADFB-43B7-8E96-1B1D04E6644E}.AppStore|Any CPU.Deploy.0 = Release|Any CPU
		{5FB51385-ADFB-43B7-8E96-1B1D04E6644E}.AppStore|ARM.ActiveCfg = Release|ARM
		{5FB51385-ADFB-43B7-8E96-1B1D04E6644E}.AppStore|ARM.Build.0 = Release|ARM
		{5FB51385-ADFB-43B7-8E96-1B1D04E6644E}.AppStore|ARM.Deploy.0 = Release|ARM
		{5FB51385-ADFB-43B7-8E96-1B1D04E6644E}.AppStore|iPhone.ActiveCfg = Release|Any CPU
		{5FB51385-ADFB-43B7-8E96-1B1D04E6644E}.AppStore|iPhoneSimulator.ActiveCfg = Release|Any CPU
		{5FB51385-ADFB-43B7-8E96-1B1D04E6644E}.AppStore|Mixed Platforms.ActiveCfg = Release|x86
		{5FB51385-ADFB-43B7-8E96-1B1D04E6644E}.AppStore|Mixed Platforms.Build.0 = Release|x86
		{5FB51385-ADFB-43B7-8E96-1B1D04E6644E}.AppStore|Mixed Platforms.Deploy.0 = Release|x86
		{5FB51385-ADFB-43B7-8E96-1B1D04E6644E}.AppStore|x86.ActiveCfg = Release|x86
		{5FB51385-ADFB-43B7-8E96-1B1D04E6644E}.AppStore|x86.Build.0 = Release|x86
		{5FB51385-ADFB-43B7-8E96-1B1D04E6644E}.AppStore|x86.Deploy.0 = Release|x86
		{5FB51385-ADFB-43B7-8E96-1B1D04E6644E}.Debug|Any CPU.ActiveCfg = Debug|Any CPU
		{5FB51385-ADFB-43B7-8E96-1B1D04E6644E}.Debug|Any CPU.Build.0 = Debug|Any CPU
		{5FB51385-ADFB-43B7-8E96-1B1D04E6644E}.Debug|Any CPU.Deploy.0 = Debug|Any CPU
		{5FB51385-ADFB-43B7-8E96-1B1D04E6644E}.Debug|ARM.ActiveCfg = Debug|ARM
		{5FB51385-ADFB-43B7-8E96-1B1D04E6644E}.Debug|ARM.Build.0 = Debug|ARM
		{5FB51385-ADFB-43B7-8E96-1B1D04E6644E}.Debug|ARM.Deploy.0 = Debug|ARM
		{5FB51385-ADFB-43B7-8E96-1B1D04E6644E}.Debug|iPhone.ActiveCfg = Debug|Any CPU
		{5FB51385-ADFB-43B7-8E96-1B1D04E6644E}.Debug|iPhoneSimulator.ActiveCfg = Debug|Any CPU
		{5FB51385-ADFB-43B7-8E96-1B1D04E6644E}.Debug|Mixed Platforms.ActiveCfg = Debug|x86
		{5FB51385-ADFB-43B7-8E96-1B1D04E6644E}.Debug|Mixed Platforms.Build.0 = Debug|x86
		{5FB51385-ADFB-43B7-8E96-1B1D04E6644E}.Debug|Mixed Platforms.Deploy.0 = Debug|x86
		{5FB51385-ADFB-43B7-8E96-1B1D04E6644E}.Debug|x86.ActiveCfg = Debug|x86
		{5FB51385-ADFB-43B7-8E96-1B1D04E6644E}.Debug|x86.Build.0 = Debug|x86
		{5FB51385-ADFB-43B7-8E96-1B1D04E6644E}.Debug|x86.Deploy.0 = Debug|x86
		{5FB51385-ADFB-43B7-8E96-1B1D04E6644E}.Release|Any CPU.ActiveCfg = Release|Any CPU
		{5FB51385-ADFB-43B7-8E96-1B1D04E6644E}.Release|Any CPU.Build.0 = Release|Any CPU
		{5FB51385-ADFB-43B7-8E96-1B1D04E6644E}.Release|Any CPU.Deploy.0 = Release|Any CPU
		{5FB51385-ADFB-43B7-8E96-1B1D04E6644E}.Release|ARM.ActiveCfg = Release|ARM
		{5FB51385-ADFB-43B7-8E96-1B1D04E6644E}.Release|ARM.Build.0 = Release|ARM
		{5FB51385-ADFB-43B7-8E96-1B1D04E6644E}.Release|ARM.Deploy.0 = Release|ARM
		{5FB51385-ADFB-43B7-8E96-1B1D04E6644E}.Release|iPhone.ActiveCfg = Release|Any CPU
		{5FB51385-ADFB-43B7-8E96-1B1D04E6644E}.Release|iPhoneSimulator.ActiveCfg = Release|Any CPU
		{5FB51385-ADFB-43B7-8E96-1B1D04E6644E}.Release|Mixed Platforms.ActiveCfg = Release|x86
		{5FB51385-ADFB-43B7-8E96-1B1D04E6644E}.Release|Mixed Platforms.Build.0 = Release|x86
		{5FB51385-ADFB-43B7-8E96-1B1D04E6644E}.Release|Mixed Platforms.Deploy.0 = Release|x86
		{5FB51385-ADFB-43B7-8E96-1B1D04E6644E}.Release|x86.ActiveCfg = Release|x86
		{5FB51385-ADFB-43B7-8E96-1B1D04E6644E}.Release|x86.Build.0 = Release|x86
		{5FB51385-ADFB-43B7-8E96-1B1D04E6644E}.Release|x86.Deploy.0 = Release|x86
	EndGlobalSection
	GlobalSection(SolutionProperties) = preSolution
		HideSolutionNode = FALSE
	EndGlobalSection
EndGlobal
